
Microsoft Visual Studio Solution File, Format Version 12.00
# Visual Studio Version 16
VisualStudioVersion = 16.0.32126.315
MinimumVisualStudioVersion = 10.0.40219.1
Project("{FAE04EC0-301F-11D3-BF4B-00C04F79EFBC}") = "FileWatchReadService", "FileWatchReadService\FileWatchReadService.csproj", "{E730BC80-F4FF-4B5F-860F-DAFD06114DA0}"
EndProject
Project("{54435603-DBB4-11D2-8724-00A0C9A8B90C}") = "FileWatchReadService_Setup", "FileWatchReadService_Setup\FileWatchReadService_Setup.vdproj", "{09BE7C38-6BA7-45D9-9B3C-F17A3ED7C915}"
EndProject
Global
	GlobalSection(SolutionConfigurationPlatforms) = preSolution
		Debug|Any CPU = Debug|Any CPU
		Release|Any CPU = Release|Any CPU
	EndGlobalSection
	GlobalSection(ProjectConfigurationPlatforms) = postSolution
		{E730BC80-F4FF-4B5F-860F-DAFD06114DA0}.Debug|Any CPU.ActiveCfg = Debug|Any CPU
		{E730BC80-F4FF-4B5F-860F-DAFD06114DA0}.Debug|Any CPU.Build.0 = Debug|Any CPU
		{E730BC80-F4FF-4B5F-860F-DAFD06114DA0}.Release|Any CPU.ActiveCfg = Release|Any CPU
		{E730BC80-F4FF-4B5F-860F-DAFD06114DA0}.Release|Any CPU.Build.0 = Release|Any CPU
		{09BE7C38-6BA7-45D9-9B3C-F17A3ED7C915}.Debug|Any CPU.ActiveCfg = Debug
		{09BE7C38-6BA7-45D9-9B3C-F17A3ED7C915}.Release|Any CPU.ActiveCfg = Release
	EndGlobalSection
	GlobalSection(SolutionProperties) = preSolution
		HideSolutionNode = FALSE
	EndGlobalSection
	GlobalSection(ExtensibilityGlobals) = postSolution
		SolutionGuid = {D16C9195-C037-48B6-8C5C-388C6189B664}
	EndGlobalSection
EndGlobal
